// !$*UTF8*$!
{
	archiveVersion = 1;
	classes = {
	};
	objectVersion = 56;
	objects = {

/* Begin PBXBuildFile section */
		99708CF92C2290C700A36B2C /* AppDelegate.swift in Sources */ = {isa = PBXBuildFile; fileRef = 99708CF82C2290C700A36B2C /* AppDelegate.swift */; };
		99708CFB2C2290C700A36B2C /* SceneDelegate.swift in Sources */ = {isa = PBXBuildFile; fileRef = 99708CFA2C2290C700A36B2C /* SceneDelegate.swift */; };
		99708CFD2C2290C700A36B2C /* MyWeatherViewController.swift in Sources */ = {isa = PBXBuildFile; fileRef = 99708CFC2C2290C700A36B2C /* MyWeatherViewController.swift */; };
		99708D022C2290C800A36B2C /* Assets.xcassets in Resources */ = {isa = PBXBuildFile; fileRef = 99708D012C2290C800A36B2C /* Assets.xcassets */; };
		99708D052C2290C800A36B2C /* Base in Resources */ = {isa = PBXBuildFile; fileRef = 99708D042C2290C800A36B2C /* Base */; };
		99708D0D2C2291F800A36B2C /* .gitignore in Resources */ = {isa = PBXBuildFile; fileRef = 99708D0C2C2291F800A36B2C /* .gitignore */; };
		99708D0F2C22924D00A36B2C /* APIKey.swift in Sources */ = {isa = PBXBuildFile; fileRef = 99708D0E2C22924D00A36B2C /* APIKey.swift */; };
		99708D122C22A12500A36B2C /* SnapKit in Frameworks */ = {isa = PBXBuildFile; productRef = 99708D112C22A12500A36B2C /* SnapKit */; };
		99708D152C22A13100A36B2C /* Kingfisher in Frameworks */ = {isa = PBXBuildFile; productRef = 99708D142C22A13100A36B2C /* Kingfisher */; };
		99708D182C22BBA300A36B2C /* CustomLabel.swift in Sources */ = {isa = PBXBuildFile; fileRef = 99708D172C22BBA300A36B2C /* CustomLabel.swift */; };
		99708D1B2C22BD5600A36B2C /* Resource.swift in Sources */ = {isa = PBXBuildFile; fileRef = 99708D1A2C22BD5600A36B2C /* Resource.swift */; };
		99708D1D2C22BE3100A36B2C /* WeatherImageView.swift in Sources */ = {isa = PBXBuildFile; fileRef = 99708D1C2C22BE3100A36B2C /* WeatherImageView.swift */; };
		99708D1F2C22BF4800A36B2C /* CustomSFSymbolButton.swift in Sources */ = {isa = PBXBuildFile; fileRef = 99708D1E2C22BF4800A36B2C /* CustomSFSymbolButton.swift */; };
		99708D212C22CD1300A36B2C /* PaddingLabel.swift in Sources */ = {isa = PBXBuildFile; fileRef = 99708D202C22CD1300A36B2C /* PaddingLabel.swift */; };
		99708D242C22D3E500A36B2C /* Weather.swift in Sources */ = {isa = PBXBuildFile; fileRef = 99708D232C22D3E500A36B2C /* Weather.swift */; };
		99708D2A2C22D6BC00A36B2C /* Alamofire in Frameworks */ = {isa = PBXBuildFile; productRef = 99708D292C22D6BC00A36B2C /* Alamofire */; };
		99708D392C24658E00A36B2C /* NetworkService.swift in Sources */ = {isa = PBXBuildFile; fileRef = 99708D382C24658E00A36B2C /* NetworkService.swift */; };
/* End PBXBuildFile section */

/* Begin PBXFileReference section */
		99708CF52C2290C700A36B2C /* MyWeather.app */ = {isa = PBXFileReference; explicitFileType = wrapper.application; includeInIndex = 0; path = MyWeather.app; sourceTree = BUILT_PRODUCTS_DIR; };
		99708CF82C2290C700A36B2C /* AppDelegate.swift */ = {isa = PBXFileReference; lastKnownFileType = sourcecode.swift; path = AppDelegate.swift; sourceTree = "<group>"; };
		99708CFA2C2290C700A36B2C /* SceneDelegate.swift */ = {isa = PBXFileReference; lastKnownFileType = sourcecode.swift; path = SceneDelegate.swift; sourceTree = "<group>"; };
		99708CFC2C2290C700A36B2C /* MyWeatherViewController.swift */ = {isa = PBXFileReference; lastKnownFileType = sourcecode.swift; path = MyWeatherViewController.swift; sourceTree = "<group>"; };
		99708D012C2290C800A36B2C /* Assets.xcassets */ = {isa = PBXFileReference; lastKnownFileType = folder.assetcatalog; path = Assets.xcassets; sourceTree = "<group>"; };
		99708D042C2290C800A36B2C /* Base */ = {isa = PBXFileReference; lastKnownFileType = file.storyboard; name = Base; path = Base.lproj/LaunchScreen.storyboard; sourceTree = "<group>"; };
		99708D062C2290C800A36B2C /* Info.plist */ = {isa = PBXFileReference; lastKnownFileType = text.plist.xml; path = Info.plist; sourceTree = "<group>"; };
		99708D0C2C2291F800A36B2C /* .gitignore */ = {isa = PBXFileReference; lastKnownFileType = text; path = .gitignore; sourceTree = "<group>"; };
		99708D0E2C22924D00A36B2C /* APIKey.swift */ = {isa = PBXFileReference; lastKnownFileType = sourcecode.swift; path = APIKey.swift; sourceTree = "<group>"; };
		99708D172C22BBA300A36B2C /* CustomLabel.swift */ = {isa = PBXFileReference; lastKnownFileType = sourcecode.swift; path = CustomLabel.swift; sourceTree = "<group>"; };
		99708D1A2C22BD5600A36B2C /* Resource.swift */ = {isa = PBXFileReference; lastKnownFileType = sourcecode.swift; path = Resource.swift; sourceTree = "<group>"; };
		99708D1C2C22BE3100A36B2C /* WeatherImageView.swift */ = {isa = PBXFileReference; lastKnownFileType = sourcecode.swift; path = WeatherImageView.swift; sourceTree = "<group>"; };
		99708D1E2C22BF4800A36B2C /* CustomSFSymbolButton.swift */ = {isa = PBXFileReference; lastKnownFileType = sourcecode.swift; path = CustomSFSymbolButton.swift; sourceTree = "<group>"; };
		99708D202C22CD1300A36B2C /* PaddingLabel.swift */ = {isa = PBXFileReference; lastKnownFileType = sourcecode.swift; path = PaddingLabel.swift; sourceTree = "<group>"; };
		99708D232C22D3E500A36B2C /* Weather.swift */ = {isa = PBXFileReference; lastKnownFileType = sourcecode.swift; path = Weather.swift; sourceTree = "<group>"; };
		99708D382C24658E00A36B2C /* NetworkService.swift */ = {isa = PBXFileReference; lastKnownFileType = sourcecode.swift; path = NetworkService.swift; sourceTree = "<group>"; };
/* End PBXFileReference section */

/* Begin PBXFrameworksBuildPhase section */
		99708CF22C2290C700A36B2C /* Frameworks */ = {
			isa = PBXFrameworksBuildPhase;
			buildActionMask = 2147483647;
			files = (
				99708D2A2C22D6BC00A36B2C /* Alamofire in Frameworks */,
				99708D152C22A13100A36B2C /* Kingfisher in Frameworks */,
				99708D122C22A12500A36B2C /* SnapKit in Frameworks */,
			);
			runOnlyForDeploymentPostprocessing = 0;
		};
/* End PBXFrameworksBuildPhase section */

/* Begin PBXGroup section */
		99708CEC2C2290C700A36B2C = {
			isa = PBXGroup;
			children = (
				99708D2B2C2312E400A36B2C /* New Group */,
				99708D0C2C2291F800A36B2C /* .gitignore */,
				99708CF72C2290C700A36B2C /* MyWeather */,
				99708CF62C2290C700A36B2C /* Products */,
			);
			sourceTree = "<group>";
		};
		99708CF62C2290C700A36B2C /* Products */ = {
			isa = PBXGroup;
			children = (
				99708CF52C2290C700A36B2C /* MyWeather.app */,
			);
			name = Products;
			sourceTree = "<group>";
		};
		99708CF72C2290C700A36B2C /* MyWeather */ = {
			isa = PBXGroup;
			children = (
				99708D0E2C22924D00A36B2C /* APIKey.swift */,
				99708D222C22D3C700A36B2C /* Model */,
				99708D192C22BD4800A36B2C /* Resource */,
				99708D2C2C2312FC00A36B2C /* VC */,
				99708CF82C2290C700A36B2C /* AppDelegate.swift */,
				99708CFA2C2290C700A36B2C /* SceneDelegate.swift */,
				99708D2D2C23130F00A36B2C /* CustomView */,
				99708D012C2290C800A36B2C /* Assets.xcassets */,
				99708D032C2290C800A36B2C /* LaunchScreen.storyboard */,
				99708D062C2290C800A36B2C /* Info.plist */,
			);
			path = MyWeather;
			sourceTree = "<group>";
		};
		99708D192C22BD4800A36B2C /* Resource */ = {
			isa = PBXGroup;
			children = (
				99708D1A2C22BD5600A36B2C /* Resource.swift */,
			);
			path = Resource;
			sourceTree = "<group>";
		};
		99708D222C22D3C700A36B2C /* Model */ = {
			isa = PBXGroup;
			children = (
				99708D232C22D3E500A36B2C /* Weather.swift */,
				99708D382C24658E00A36B2C /* NetworkService.swift */,
			);
			path = Model;
			sourceTree = "<group>";
		};
		99708D2B2C2312E400A36B2C /* New Group */ = {
			isa = PBXGroup;
			children = (
			);
			path = "New Group";
			sourceTree = "<group>";
		};
		99708D2C2C2312FC00A36B2C /* VC */ = {
			isa = PBXGroup;
			children = (
				99708CFC2C2290C700A36B2C /* MyWeatherViewController.swift */,
			);
			path = VC;
			sourceTree = "<group>";
		};
		99708D2D2C23130F00A36B2C /* CustomView */ = {
			isa = PBXGroup;
			children = (
				99708D1E2C22BF4800A36B2C /* CustomSFSymbolButton.swift */,
				99708D172C22BBA300A36B2C /* CustomLabel.swift */,
				99708D1C2C22BE3100A36B2C /* WeatherImageView.swift */,
				99708D202C22CD1300A36B2C /* PaddingLabel.swift */,
			);
			path = CustomView;
			sourceTree = "<group>";
		};
/* End PBXGroup section */

/* Begin PBXNativeTarget section */
		99708CF42C2290C700A36B2C /* MyWeather */ = {
			isa = PBXNativeTarget;
			buildConfigurationList = 99708D092C2290C800A36B2C /* Build configuration list for PBXNativeTarget "MyWeather" */;
			buildPhases = (
				99708CF12C2290C700A36B2C /* Sources */,
				99708CF22C2290C700A36B2C /* Frameworks */,
				99708CF32C2290C700A36B2C /* Resources */,
			);
			buildRules = (
			);
			dependencies = (
			);
			name = MyWeather;
			packageProductDependencies = (
				99708D112C22A12500A36B2C /* SnapKit */,
				99708D142C22A13100A36B2C /* Kingfisher */,
				99708D292C22D6BC00A36B2C /* Alamofire */,
			);
			productName = MyWeather;
			productReference = 99708CF52C2290C700A36B2C /* MyWeather.app */;
			productType = "com.apple.product-type.application";
		};
/* End PBXNativeTarget section */

/* Begin PBXProject section */
		99708CED2C2290C700A36B2C /* Project object */ = {
			isa = PBXProject;
			attributes = {
				BuildIndependentTargetsInParallel = 1;
				LastSwiftUpdateCheck = 1530;
				LastUpgradeCheck = 1530;
				TargetAttributes = {
					99708CF42C2290C700A36B2C = {
						CreatedOnToolsVersion = 15.3;
					};
				};
			};
			buildConfigurationList = 99708CF02C2290C700A36B2C /* Build configuration list for PBXProject "MyWeather" */;
			compatibilityVersion = "Xcode 14.0";
			developmentRegion = en;
			hasScannedForEncodings = 0;
			knownRegions = (
				en,
				Base,
			);
			mainGroup = 99708CEC2C2290C700A36B2C;
			packageReferences = (
				99708D102C22A12500A36B2C /* XCRemoteSwiftPackageReference "SnapKit" */,
				99708D132C22A13100A36B2C /* XCRemoteSwiftPackageReference "Kingfisher" */,
				99708D282C22D6BC00A36B2C /* XCRemoteSwiftPackageReference "Alamofire" */,
			);
			productRefGroup = 99708CF62C2290C700A36B2C /* Products */;
			projectDirPath = "";
			projectRoot = "";
			targets = (
				99708CF42C2290C700A36B2C /* MyWeather */,
			);
		};
/* End PBXProject section */

/* Begin PBXResourcesBuildPhase section */
		99708CF32C2290C700A36B2C /* Resources */ = {
			isa = PBXResourcesBuildPhase;
			buildActionMask = 2147483647;
			files = (
				99708D022C2290C800A36B2C /* Assets.xcassets in Resources */,
				99708D0D2C2291F800A36B2C /* .gitignore in Resources */,
				99708D052C2290C800A36B2C /* Base in Resources */,
			);
			runOnlyForDeploymentPostprocessing = 0;
		};
/* End PBXResourcesBuildPhase section */

/* Begin PBXSourcesBuildPhase section */
		99708CF12C2290C700A36B2C /* Sources */ = {
			isa = PBXSourcesBuildPhase;
			buildActionMask = 2147483647;
			files = (
				99708D392C24658E00A36B2C /* NetworkService.swift in Sources */,
				99708CFD2C2290C700A36B2C /* MyWeatherViewController.swift in Sources */,
				99708D182C22BBA300A36B2C /* CustomLabel.swift in Sources */,
				99708CF92C2290C700A36B2C /* AppDelegate.swift in Sources */,
				99708D1F2C22BF4800A36B2C /* CustomSFSymbolButton.swift in Sources */,
				99708D242C22D3E500A36B2C /* Weather.swift in Sources */,
				99708D1D2C22BE3100A36B2C /* WeatherImageView.swift in Sources */,
				99708D1B2C22BD5600A36B2C /* Resource.swift in Sources */,
				99708D212C22CD1300A36B2C /* PaddingLabel.swift in Sources */,
				99708D0F2C22924D00A36B2C /* APIKey.swift in Sources */,
				99708CFB2C2290C700A36B2C /* SceneDelegate.swift in Sources */,
			);
			runOnlyForDeploymentPostprocessing = 0;
		};
/* End PBXSourcesBuildPhase section */

/* Begin PBXVariantGroup section */
		99708D032C2290C800A36B2C /* LaunchScreen.storyboard */ = {
			isa = PBXVariantGroup;
			children = (
				99708D042C2290C800A36B2C /* Base */,
			);
			name = LaunchScreen.storyboard;
			sourceTree = "<group>";
		};
/* End PBXVariantGroup section */

/* Begin XCBuildConfiguration section */
		99708D072C2290C800A36B2C /* Debug */ = {
			isa = XCBuildConfiguration;
			buildSettings = {
				ALWAYS_SEARCH_USER_PATHS = NO;
				ASSETCATALOG_COMPILER_GENERATE_SWIFT_ASSET_SYMBOL_EXTENSIONS = YES;
				CLANG_ANALYZER_NONNULL = YES;
				CLANG_ANALYZER_NUMBER_OBJECT_CONVERSION = YES_AGGRESSIVE;
				CLANG_CXX_LANGUAGE_STANDARD = "gnu++20";
				CLANG_ENABLE_MODULES = YES;
				CLANG_ENABLE_OBJC_ARC = YES;
				CLANG_ENABLE_OBJC_WEAK = YES;
				CLANG_WARN_BLOCK_CAPTURE_AUTORELEASING = YES;
				CLANG_WARN_BOOL_CONVERSION = YES;
				CLANG_WARN_COMMA = YES;
				CLANG_WARN_CONSTANT_CONVERSION = YES;
				CLANG_WARN_DEPRECATED_OBJC_IMPLEMENTATIONS = YES;
				CLANG_WARN_DIRECT_OBJC_ISA_USAGE = YES_ERROR;
				CLANG_WARN_DOCUMENTATION_COMMENTS = YES;
				CLANG_WARN_EMPTY_BODY = YES;
				CLANG_WARN_ENUM_CONVERSION = YES;
				CLANG_WARN_INFINITE_RECURSION = YES;
				CLANG_WARN_INT_CONVERSION = YES;
				CLANG_WARN_NON_LITERAL_NULL_CONVERSION = YES;
				CLANG_WARN_OBJC_IMPLICIT_RETAIN_SELF = YES;
				CLANG_WARN_OBJC_LITERAL_CONVERSION = YES;
				CLANG_WARN_OBJC_ROOT_CLASS = YES_ERROR;
				CLANG_WARN_QUOTED_INCLUDE_IN_FRAMEWORK_HEADER = YES;
				CLANG_WARN_RANGE_LOOP_ANALYSIS = YES;
				CLANG_WARN_STRICT_PROTOTYPES = YES;
				CLANG_WARN_SUSPICIOUS_MOVE = YES;
				CLANG_WARN_UNGUARDED_AVAILABILITY = YES_AGGRESSIVE;
				CLANG_WARN_UNREACHABLE_CODE = YES;
				CLANG_WARN__DUPLICATE_METHOD_MATCH = YES;
				COPY_PHASE_STRIP = NO;
				DEBUG_INFORMATION_FORMAT = dwarf;
				ENABLE_STRICT_OBJC_MSGSEND = YES;
				ENABLE_TESTABILITY = YES;
				ENABLE_USER_SCRIPT_SANDBOXING = YES;
				GCC_C_LANGUAGE_STANDARD = gnu17;
				GCC_DYNAMIC_NO_PIC = NO;
				GCC_NO_COMMON_BLOCKS = YES;
				GCC_OPTIMIZATION_LEVEL = 0;
				GCC_PREPROCESSOR_DEFINITIONS = (
					"DEBUG=1",
					"$(inherited)",
				);
				GCC_WARN_64_TO_32_BIT_CONVERSION = YES;
				GCC_WARN_ABOUT_RETURN_TYPE = YES_ERROR;
				GCC_WARN_UNDECLARED_SELECTOR = YES;
				GCC_WARN_UNINITIALIZED_AUTOS = YES_AGGRESSIVE;
				GCC_WARN_UNUSED_FUNCTION = YES;
				GCC_WARN_UNUSED_VARIABLE = YES;
				IPHONEOS_DEPLOYMENT_TARGET = 17.4;
				LOCALIZATION_PREFERS_STRING_CATALOGS = YES;
				MTL_ENABLE_DEBUG_INFO = INCLUDE_SOURCE;
				MTL_FAST_MATH = YES;
				ONLY_ACTIVE_ARCH = YES;
				SDKROOT = iphoneos;
				SWIFT_ACTIVE_COMPILATION_CONDITIONS = "DEBUG $(inherited)";
				SWIFT_OPTIMIZATION_LEVEL = "-Onone";
			};
			name = Debug;
		};
		99708D082C2290C800A36B2C /* Release */ = {
			isa = XCBuildConfiguration;
			buildSettings = {
				ALWAYS_SEARCH_USER_PATHS = NO;
				ASSETCATALOG_COMPILER_GENERATE_SWIFT_ASSET_SYMBOL_EXTENSIONS = YES;
				CLANG_ANALYZER_NONNULL = YES;
				CLANG_ANALYZER_NUMBER_OBJECT_CONVERSION = YES_AGGRESSIVE;
				CLANG_CXX_LANGUAGE_STANDARD = "gnu++20";
				CLANG_ENABLE_MODULES = YES;
				CLANG_ENABLE_OBJC_ARC = YES;
				CLANG_ENABLE_OBJC_WEAK = YES;
				CLANG_WARN_BLOCK_CAPTURE_AUTORELEASING = YES;
				CLANG_WARN_BOOL_CONVERSION = YES;
				CLANG_WARN_COMMA = YES;
				CLANG_WARN_CONSTANT_CONVERSION = YES;
				CLANG_WARN_DEPRECATED_OBJC_IMPLEMENTATIONS = YES;
				CLANG_WARN_DIRECT_OBJC_ISA_USAGE = YES_ERROR;
				CLANG_WARN_DOCUMENTATION_COMMENTS = YES;
				CLANG_WARN_EMPTY_BODY = YES;
				CLANG_WARN_ENUM_CONVERSION = YES;
				CLANG_WARN_INFINITE_RECURSION = YES;
				CLANG_WARN_INT_CONVERSION = YES;
				CLANG_WARN_NON_LITERAL_NULL_CONVERSION = YES;
				CLANG_WARN_OBJC_IMPLICIT_RETAIN_SELF = YES;
				CLANG_WARN_OBJC_LITERAL_CONVERSION = YES;
				CLANG_WARN_OBJC_ROOT_CLASS = YES_ERROR;
				CLANG_WARN_QUOTED_INCLUDE_IN_FRAMEWORK_HEADER = YES;
				CLANG_WARN_RANGE_LOOP_ANALYSIS = YES;
				CLANG_WARN_STRICT_PROTOTYPES = YES;
				CLANG_WARN_SUSPICIOUS_MOVE = YES;
				CLANG_WARN_UNGUARDED_AVAILABILITY = YES_AGGRESSIVE;
				CLANG_WARN_UNREACHABLE_CODE = YES;
				CLANG_WARN__DUPLICATE_METHOD_MATCH = YES;
				COPY_PHASE_STRIP = NO;
				DEBUG_INFORMATION_FORMAT = "dwarf-with-dsym";
				ENABLE_NS_ASSERTIONS = NO;
				ENABLE_STRICT_OBJC_MSGSEND = YES;
				ENABLE_USER_SCRIPT_SANDBOXING = YES;
				GCC_C_LANGUAGE_STANDARD = gnu17;
				GCC_NO_COMMON_BLOCKS = YES;
				GCC_WARN_64_TO_32_BIT_CONVERSION = YES;
				GCC_WARN_ABOUT_RETURN_TYPE = YES_ERROR;
				GCC_WARN_UNDECLARED_SELECTOR = YES;
				GCC_WARN_UNINITIALIZED_AUTOS = YES_AGGRESSIVE;
				GCC_WARN_UNUSED_FUNCTION = YES;
				GCC_WARN_UNUSED_VARIABLE = YES;
				IPHONEOS_DEPLOYMENT_TARGET = 17.4;
				LOCALIZATION_PREFERS_STRING_CATALOGS = YES;
				MTL_ENABLE_DEBUG_INFO = NO;
				MTL_FAST_MATH = YES;
				SDKROOT = iphoneos;
				SWIFT_COMPILATION_MODE = wholemodule;
				VALIDATE_PRODUCT = YES;
			};
			name = Release;
		};
		99708D0A2C2290C800A36B2C /* Debug */ = {
			isa = XCBuildConfiguration;
			buildSettings = {
				ASSETCATALOG_COMPILER_APPICON_NAME = AppIcon;
				ASSETCATALOG_COMPILER_GLOBAL_ACCENT_COLOR_NAME = AccentColor;
				CODE_SIGN_STYLE = Automatic;
				CURRENT_PROJECT_VERSION = 1;
				DEVELOPMENT_TEAM = Y2VDXSZQ3M;
				GENERATE_INFOPLIST_FILE = YES;
				INFOPLIST_FILE = MyWeather/Info.plist;
				INFOPLIST_KEY_UIApplicationSupportsIndirectInputEvents = YES;
				INFOPLIST_KEY_UILaunchStoryboardName = LaunchScreen;
				INFOPLIST_KEY_UISupportedInterfaceOrientations = UIInterfaceOrientationPortrait;
				INFOPLIST_KEY_UISupportedInterfaceOrientations_iPad = "";
				IPHONEOS_DEPLOYMENT_TARGET = 15.0;
				LD_RUNPATH_SEARCH_PATHS = (
					"$(inherited)",
					"@executable_path/Frameworks",
				);
				MARKETING_VERSION = 1.0;
				PRODUCT_BUNDLE_IDENTIFIER = com.yun.MyWeather;
				PRODUCT_NAME = "$(TARGET_NAME)";
				SUPPORTED_PLATFORMS = "iphoneos iphonesimulator";
				SUPPORTS_MACCATALYST = NO;
				SUPPORTS_MAC_DESIGNED_FOR_IPHONE_IPAD = NO;
				SUPPORTS_XR_DESIGNED_FOR_IPHONE_IPAD = NO;
				SWIFT_EMIT_LOC_STRINGS = YES;
				SWIFT_VERSION = 5.0;
				TARGETED_DEVICE_FAMILY = 1;
			};
			name = Debug;
		};
		99708D0B2C2290C800A36B2C /* Release */ = {
			isa = XCBuildConfiguration;
			buildSettings = {
				ASSETCATALOG_COMPILER_APPICON_NAME = AppIcon;
				ASSETCATALOG_COMPILER_GLOBAL_ACCENT_COLOR_NAME = AccentColor;
				CODE_SIGN_STYLE = Automatic;
				CURRENT_PROJECT_VERSION = 1;
				DEVELOPMENT_TEAM = Y2VDXSZQ3M;
				GENERATE_INFOPLIST_FILE = YES;
				INFOPLIST_FILE = MyWeather/Info.plist;
				INFOPLIST_KEY_UIApplicationSupportsIndirectInputEvents = YES;
				INFOPLIST_KEY_UILaunchStoryboardName = LaunchScreen;
				INFOPLIST_KEY_UISupportedInterfaceOrientations = UIInterfaceOrientationPortrait;
				INFOPLIST_KEY_UISupportedInterfaceOrientations_iPad = "";
				IPHONEOS_DEPLOYMENT_TARGET = 15.0;
				LD_RUNPATH_SEARCH_PATHS = (
					"$(inherited)",
					"@executable_path/Frameworks",
				);
				MARKETING_VERSION = 1.0;
				PRODUCT_BUNDLE_IDENTIFIER = com.yun.MyWeather;
				PRODUCT_NAME = "$(TARGET_NAME)";
				SUPPORTED_PLATFORMS = "iphoneos iphonesimulator";
				SUPPORTS_MACCATALYST = NO;
				SUPPORTS_MAC_DESIGNED_FOR_IPHONE_IPAD = NO;
				SUPPORTS_XR_DESIGNED_FOR_IPHONE_IPAD = NO;
				SWIFT_EMIT_LOC_STRINGS = YES;
				SWIFT_VERSION = 5.0;
				TARGETED_DEVICE_FAMILY = 1;
			};
			name = Release;
		};
/* End XCBuildConfiguration section */

/* Begin XCConfigurationList section */
		99708CF02C2290C700A36B2C /* Build configuration list for PBXProject "MyWeather" */ = {
			isa = XCConfigurationList;
			buildConfigurations = (
				99708D072C2290C800A36B2C /* Debug */,
				99708D082C2290C800A36B2C /* Release */,
			);
			defaultConfigurationIsVisible = 0;
			defaultConfigurationName = Release;
		};
		99708D092C2290C800A36B2C /* Build configuration list for PBXNativeTarget "MyWeather" */ = {
			isa = XCConfigurationList;
			buildConfigurations = (
				99708D0A2C2290C800A36B2C /* Debug */,
				99708D0B2C2290C800A36B2C /* Release */,
			);
			defaultConfigurationIsVisible = 0;
			defaultConfigurationName = Release;
		};
/* End XCConfigurationList section */

/* Begin XCRemoteSwiftPackageReference section */
		99708D102C22A12500A36B2C /* XCRemoteSwiftPackageReference "SnapKit" */ = {
			isa = XCRemoteSwiftPackageReference;
			repositoryURL = "https://github.com/SnapKit/SnapKit.git";
			requirement = {
				kind = upToNextMajorVersion;
				minimumVersion = 5.7.1;
			};
		};
		99708D132C22A13100A36B2C /* XCRemoteSwiftPackageReference "Kingfisher" */ = {
			isa = XCRemoteSwiftPackageReference;
			repositoryURL = "https://github.com/onevcat/Kingfisher.git";
			requirement = {
				kind = upToNextMajorVersion;
				minimumVersion = 7.12.0;
			};
		};
		99708D282C22D6BC00A36B2C /* XCRemoteSwiftPackageReference "Alamofire" */ = {
			isa = XCRemoteSwiftPackageReference;
			repositoryURL = "https://github.com/Alamofire/Alamofire.git";
			requirement = {
				kind = upToNextMajorVersion;
				minimumVersion = 5.9.1;
			};
		};
/* End XCRemoteSwiftPackageReference section */

/* Begin XCSwiftPackageProductDependency section */
		99708D112C22A12500A36B2C /* SnapKit */ = {
			isa = XCSwiftPackageProductDependency;
			package = 99708D102C22A12500A36B2C /* XCRemoteSwiftPackageReference "SnapKit" */;
			productName = SnapKit;
		};
		99708D142C22A13100A36B2C /* Kingfisher */ = {
			isa = XCSwiftPackageProductDependency;
			package = 99708D132C22A13100A36B2C /* XCRemoteSwiftPackageReference "Kingfisher" */;
			productName = Kingfisher;
		};
		99708D292C22D6BC00A36B2C /* Alamofire */ = {
			isa = XCSwiftPackageProductDependency;
			package = 99708D282C22D6BC00A36B2C /* XCRemoteSwiftPackageReference "Alamofire" */;
			productName = Alamofire;
		};
/* End XCSwiftPackageProductDependency section */
	};
	rootObject = 99708CED2C2290C700A36B2C /* Project object */;
}
